// !$*UTF8*$!
{
	archiveVersion = 1;
	classes = {
	};
	objectVersion = 55;
	objects = {

/* Begin PBXBuildFile section */
		ABF7779A288460E400BE9966 /* QueDateAppApp.swift in Sources */ = {isa = PBXBuildFile; fileRef = ABF77799288460E400BE9966 /* QueDateAppApp.swift */; };
		ABF7779C288460E400BE9966 /* ContentView.swift in Sources */ = {isa = PBXBuildFile; fileRef = ABF7779B288460E400BE9966 /* ContentView.swift */; };
		ABF7779E288460E600BE9966 /* Assets.xcassets in Resources */ = {isa = PBXBuildFile; fileRef = ABF7779D288460E600BE9966 /* Assets.xcassets */; };
		ABF777A1288460E600BE9966 /* Preview Assets.xcassets in Resources */ = {isa = PBXBuildFile; fileRef = ABF777A0288460E600BE9966 /* Preview Assets.xcassets */; };
		ABF777A82884624400BE9966 /* CreateAnAccountScreen.swift in Sources */ = {isa = PBXBuildFile; fileRef = ABF777A72884624400BE9966 /* CreateAnAccountScreen.swift */; };
		ABF777AA288462A700BE9966 /* GreetingScreen.swift in Sources */ = {isa = PBXBuildFile; fileRef = ABF777A9288462A700BE9966 /* GreetingScreen.swift */; };
		ABF777AD2884631900BE9966 /* EmailAuthScreen.swift in Sources */ = {isa = PBXBuildFile; fileRef = ABF777AC2884631900BE9966 /* EmailAuthScreen.swift */; };
/* End PBXBuildFile section */

/* Begin PBXFileReference section */
		ABF77796288460E400BE9966 /* QueDate.app */ = {isa = PBXFileReference; explicitFileType = wrapper.application; includeInIndex = 0; path = QueDate.app; sourceTree = BUILT_PRODUCTS_DIR; };
		ABF77799288460E400BE9966 /* QueDateAppApp.swift */ = {isa = PBXFileReference; lastKnownFileType = sourcecode.swift; path = QueDateAppApp.swift; sourceTree = "<group>"; };
		ABF7779B288460E400BE9966 /* ContentView.swift */ = {isa = PBXFileReference; lastKnownFileType = sourcecode.swift; path = ContentView.swift; sourceTree = "<group>"; };
		ABF7779D288460E600BE9966 /* Assets.xcassets */ = {isa = PBXFileReference; lastKnownFileType = folder.assetcatalog; path = Assets.xcassets; sourceTree = "<group>"; };
		ABF777A0288460E600BE9966 /* Preview Assets.xcassets */ = {isa = PBXFileReference; lastKnownFileType = folder.assetcatalog; path = "Preview Assets.xcassets"; sourceTree = "<group>"; };
		ABF777A72884624400BE9966 /* CreateAnAccountScreen.swift */ = {isa = PBXFileReference; lastKnownFileType = sourcecode.swift; path = CreateAnAccountScreen.swift; sourceTree = "<group>"; };
		ABF777A9288462A700BE9966 /* GreetingScreen.swift */ = {isa = PBXFileReference; lastKnownFileType = sourcecode.swift; path = GreetingScreen.swift; sourceTree = "<group>"; };
		ABF777AC2884631900BE9966 /* EmailAuthScreen.swift */ = {isa = PBXFileReference; lastKnownFileType = sourcecode.swift; path = EmailAuthScreen.swift; sourceTree = "<group>"; };
/* End PBXFileReference section */

/* Begin PBXFrameworksBuildPhase section */
		ABF77793288460E400BE9966 /* Frameworks */ = {
			isa = PBXFrameworksBuildPhase;
			buildActionMask = 2147483647;
			files = (
			);
			runOnlyForDeploymentPostprocessing = 0;
		};
/* End PBXFrameworksBuildPhase section */

/* Begin PBXGroup section */
		ABF7778D288460E400BE9966 = {
			isa = PBXGroup;
			children = (
				ABF77798288460E400BE9966 /* QueDataApp */,
				ABF77797288460E400BE9966 /* Products */,
			);
			sourceTree = "<group>";
		};
		ABF77797288460E400BE9966 /* Products */ = {
			isa = PBXGroup;
			children = (
				ABF77796288460E400BE9966 /* QueDate.app */,
			);
			name = Products;
			sourceTree = "<group>";
		};
		ABF77798288460E400BE9966 /* QueDataApp */ = {
			isa = PBXGroup;
			children = (
				ABF77799288460E400BE9966 /* QueDateAppApp.swift */,
				ABF777AB288462DA00BE9966 /* View */,
				ABF7779D288460E600BE9966 /* Assets.xcassets */,
				ABF7779F288460E600BE9966 /* Preview Content */,
			);
			path = QueDataApp;
			sourceTree = "<group>";
		};
		ABF7779F288460E600BE9966 /* Preview Content */ = {
			isa = PBXGroup;
			children = (
				ABF777A0288460E600BE9966 /* Preview Assets.xcassets */,
			);
			path = "Preview Content";
			sourceTree = "<group>";
		};
		ABF777AB288462DA00BE9966 /* View */ = {
			isa = PBXGroup;
			children = (
				ABF7779B288460E400BE9966 /* ContentView.swift */,
				ABF777A9288462A700BE9966 /* GreetingScreen.swift */,
				ABF777A72884624400BE9966 /* CreateAnAccountScreen.swift */,
				ABF777AC2884631900BE9966 /* EmailAuthScreen.swift */,
			);
			path = View;
			sourceTree = "<group>";
		};
/* End PBXGroup section */

/* Begin PBXNativeTarget section */
		ABF77795288460E400BE9966 /* QueDateApp */ = {
			isa = PBXNativeTarget;
			buildConfigurationList = ABF777A4288460E600BE9966 /* Build configuration list for PBXNativeTarget "QueDateApp" */;
			buildPhases = (
				ABF77792288460E400BE9966 /* Sources */,
				ABF77793288460E400BE9966 /* Frameworks */,
				ABF77794288460E400BE9966 /* Resources */,
			);
			buildRules = (
			);
			dependencies = (
			);
			name = QueDateApp;
			productName = QueDataApp;
			productReference = ABF77796288460E400BE9966 /* QueDate.app */;
			productType = "com.apple.product-type.application";
		};
/* End PBXNativeTarget section */

/* Begin PBXProject section */
		ABF7778E288460E400BE9966 /* Project object */ = {
			isa = PBXProject;
			attributes = {
				BuildIndependentTargetsInParallel = 1;
				LastSwiftUpdateCheck = 1340;
				LastUpgradeCheck = 1340;
				TargetAttributes = {
					ABF77795288460E400BE9966 = {
						CreatedOnToolsVersion = 13.4;
					};
				};
			};
			buildConfigurationList = ABF77791288460E400BE9966 /* Build configuration list for PBXProject "QueDateApp" */;
			compatibilityVersion = "Xcode 13.0";
			developmentRegion = en;
			hasScannedForEncodings = 0;
			knownRegions = (
				en,
				Base,
			);
			mainGroup = ABF7778D288460E400BE9966;
			productRefGroup = ABF77797288460E400BE9966 /* Products */;
			projectDirPath = "";
			projectRoot = "";
			targets = (
				ABF77795288460E400BE9966 /* QueDateApp */,
			);
		};
/* End PBXProject section */

/* Begin PBXResourcesBuildPhase section */
		ABF77794288460E400BE9966 /* Resources */ = {
			isa = PBXResourcesBuildPhase;
			buildActionMask = 2147483647;
			files = (
				ABF777A1288460E600BE9966 /* Preview Assets.xcassets in Resources */,
				ABF7779E288460E600BE9966 /* Assets.xcassets in Resources */,
			);
			runOnlyForDeploymentPostprocessing = 0;
		};
/* End PBXResourcesBuildPhase section */

/* Begin PBXSourcesBuildPhase section */
		ABF77792288460E400BE9966 /* Sources */ = {
			isa = PBXSourcesBuildPhase;
			buildActionMask = 2147483647;
			files = (
				ABF777AA288462A700BE9966 /* GreetingScreen.swift in Sources */,
				ABF7779C288460E400BE9966 /* ContentView.swift in Sources */,
				ABF7779A288460E400BE9966 /* QueDateAppApp.swift in Sources */,
				ABF777AD2884631900BE9966 /* EmailAuthScreen.swift in Sources */,
				ABF777A82884624400BE9966 /* CreateAnAccountScreen.swift in Sources */,
			);
			runOnlyForDeploymentPostprocessing = 0;
		};
/* End PBXSourcesBuildPhase section */

/* Begin XCBuildConfiguration section */
		ABF777A2288460E600BE9966 /* Debug */ = {
			isa = XCBuildConfiguration;
			buildSettings = {
				ALWAYS_SEARCH_USER_PATHS = NO;
				CLANG_ANALYZER_NONNULL = YES;
				CLANG_ANALYZER_NUMBER_OBJECT_CONVERSION = YES_AGGRESSIVE;
				CLANG_CXX_LANGUAGE_STANDARD = "gnu++17";
				CLANG_ENABLE_MODULES = YES;
				CLANG_ENABLE_OBJC_ARC = YES;
				CLANG_ENABLE_OBJC_WEAK = YES;
				CLANG_WARN_BLOCK_CAPTURE_AUTORELEASING = YES;
				CLANG_WARN_BOOL_CONVERSION = YES;
				CLANG_WARN_COMMA = YES;
				CLANG_WARN_CONSTANT_CONVERSION = YES;
				CLANG_WARN_DEPRECATED_OBJC_IMPLEMENTATIONS = YES;
				CLANG_WARN_DIRECT_OBJC_ISA_USAGE = YES_ERROR;
				CLANG_WARN_DOCUMENTATION_COMMENTS = YES;
				CLANG_WARN_EMPTY_BODY = YES;
				CLANG_WARN_ENUM_CONVERSION = YES;
				CLANG_WARN_INFINITE_RECURSION = YES;
				CLANG_WARN_INT_CONVERSION = YES;
				CLANG_WARN_NON_LITERAL_NULL_CONVERSION = YES;
				CLANG_WARN_OBJC_IMPLICIT_RETAIN_SELF = YES;
				CLANG_WARN_OBJC_LITERAL_CONVERSION = YES;
				CLANG_WARN_OBJC_ROOT_CLASS = YES_ERROR;
				CLANG_WARN_QUOTED_INCLUDE_IN_FRAMEWORK_HEADER = YES;
				CLANG_WARN_RANGE_LOOP_ANALYSIS = YES;
				CLANG_WARN_STRICT_PROTOTYPES = YES;
				CLANG_WARN_SUSPICIOUS_MOVE = YES;
				CLANG_WARN_UNGUARDED_AVAILABILITY = YES_AGGRESSIVE;
				CLANG_WARN_UNREACHABLE_CODE = YES;
				CLANG_WARN__DUPLICATE_METHOD_MATCH = YES;
				COPY_PHASE_STRIP = NO;
				DEBUG_INFORMATION_FORMAT = dwarf;
				ENABLE_STRICT_OBJC_MSGSEND = YES;
				ENABLE_TESTABILITY = YES;
				GCC_C_LANGUAGE_STANDARD = gnu11;
				GCC_DYNAMIC_NO_PIC = NO;
				GCC_NO_COMMON_BLOCKS = YES;
				GCC_OPTIMIZATION_LEVEL = 0;
				GCC_PREPROCESSOR_DEFINITIONS = (
					"DEBUG=1",
					"$(inherited)",
				);
				GCC_WARN_64_TO_32_BIT_CONVERSION = YES;
				GCC_WARN_ABOUT_RETURN_TYPE = YES_ERROR;
				GCC_WARN_UNDECLARED_SELECTOR = YES;
				GCC_WARN_UNINITIALIZED_AUTOS = YES_AGGRESSIVE;
				GCC_WARN_UNUSED_FUNCTION = YES;
				GCC_WARN_UNUSED_VARIABLE = YES;
				IPHONEOS_DEPLOYMENT_TARGET = 15.5;
				MTL_ENABLE_DEBUG_INFO = INCLUDE_SOURCE;
				MTL_FAST_MATH = YES;
				ONLY_ACTIVE_ARCH = YES;
				SDKROOT = iphoneos;
				SWIFT_ACTIVE_COMPILATION_CONDITIONS = DEBUG;
				SWIFT_OPTIMIZATION_LEVEL = "-Onone";
			};
			name = Debug;
		};
		ABF777A3288460E600BE9966 /* Release */ = {
			isa = XCBuildConfiguration;
			buildSettings = {
				ALWAYS_SEARCH_USER_PATHS = NO;
				CLANG_ANALYZER_NONNULL = YES;
				CLANG_ANALYZER_NUMBER_OBJECT_CONVERSION = YES_AGGRESSIVE;
				CLANG_CXX_LANGUAGE_STANDARD = "gnu++17";
				CLANG_ENABLE_MODULES = YES;
				CLANG_ENABLE_OBJC_ARC = YES;
				CLANG_ENABLE_OBJC_WEAK = YES;
				CLANG_WARN_BLOCK_CAPTURE_AUTORELEASING = YES;
				CLANG_WARN_BOOL_CONVERSION = YES;
				CLANG_WARN_COMMA = YES;
				CLANG_WARN_CONSTANT_CONVERSION = YES;
				CLANG_WARN_DEPRECATED_OBJC_IMPLEMENTATIONS = YES;
				CLANG_WARN_DIRECT_OBJC_ISA_USAGE = YES_ERROR;
				CLANG_WARN_DOCUMENTATION_COMMENTS = YES;
				CLANG_WARN_EMPTY_BODY = YES;
				CLANG_WARN_ENUM_CONVERSION = YES;
				CLANG_WARN_INFINITE_RECURSION = YES;
				CLANG_WARN_INT_CONVERSION = YES;
				CLANG_WARN_NON_LITERAL_NULL_CONVERSION = YES;
				CLANG_WARN_OBJC_IMPLICIT_RETAIN_SELF = YES;
				CLANG_WARN_OBJC_LITERAL_CONVERSION = YES;
				CLANG_WARN_OBJC_ROOT_CLASS = YES_ERROR;
				CLANG_WARN_QUOTED_INCLUDE_IN_FRAMEWORK_HEADER = YES;
				CLANG_WARN_RANGE_LOOP_ANALYSIS = YES;
				CLANG_WARN_STRICT_PROTOTYPES = YES;
				CLANG_WARN_SUSPICIOUS_MOVE = YES;
				CLANG_WARN_UNGUARDED_AVAILABILITY = YES_AGGRESSIVE;
				CLANG_WARN_UNREACHABLE_CODE = YES;
				CLANG_WARN__DUPLICATE_METHOD_MATCH = YES;
				COPY_PHASE_STRIP = NO;
				DEBUG_INFORMATION_FORMAT = "dwarf-with-dsym";
				ENABLE_NS_ASSERTIONS = NO;
				ENABLE_STRICT_OBJC_MSGSEND = YES;
				GCC_C_LANGUAGE_STANDARD = gnu11;
				GCC_NO_COMMON_BLOCKS = YES;
				GCC_WARN_64_TO_32_BIT_CONVERSION = YES;
				GCC_WARN_ABOUT_RETURN_TYPE = YES_ERROR;
				GCC_WARN_UNDECLARED_SELECTOR = YES;
				GCC_WARN_UNINITIALIZED_AUTOS = YES_AGGRESSIVE;
				GCC_WARN_UNUSED_FUNCTION = YES;
				GCC_WARN_UNUSED_VARIABLE = YES;
				IPHONEOS_DEPLOYMENT_TARGET = 15.5;
				MTL_ENABLE_DEBUG_INFO = NO;
				MTL_FAST_MATH = YES;
				SDKROOT = iphoneos;
				SWIFT_COMPILATION_MODE = wholemodule;
				SWIFT_OPTIMIZATION_LEVEL = "-O";
				VALIDATE_PRODUCT = YES;
			};
			name = Release;
		};
		ABF777A5288460E600BE9966 /* Debug */ = {
			isa = XCBuildConfiguration;
			buildSettings = {
				ASSETCATALOG_COMPILER_APPICON_NAME = AppIcon;
				ASSETCATALOG_COMPILER_GLOBAL_ACCENT_COLOR_NAME = AccentColor;
				CODE_SIGN_STYLE = Automatic;
				CURRENT_PROJECT_VERSION = 1;
				DEVELOPMENT_ASSET_PATHS = "\"QueDataApp/Preview Content\"";
				DEVELOPMENT_TEAM = 2CZB669Q7L;
				ENABLE_PREVIEWS = YES;
				GENERATE_INFOPLIST_FILE = YES;
				INFOPLIST_KEY_UIApplicationSceneManifest_Generation = YES;
				INFOPLIST_KEY_UIApplicationSupportsIndirectInputEvents = YES;
				INFOPLIST_KEY_UILaunchScreen_Generation = YES;
				INFOPLIST_KEY_UISupportedInterfaceOrientations_iPad = "UIInterfaceOrientationPortrait UIInterfaceOrientationPortraitUpsideDown UIInterfaceOrientationLandscapeLeft UIInterfaceOrientationLandscapeRight";
				INFOPLIST_KEY_UISupportedInterfaceOrientations_iPhone = "UIInterfaceOrientationPortrait UIInterfaceOrientationLandscapeLeft UIInterfaceOrientationLandscapeRight";
				LD_RUNPATH_SEARCH_PATHS = (
					"$(inherited)",
					"@executable_path/Frameworks",
				);
				MARKETING_VERSION = 1.0;
				PRODUCT_BUNDLE_IDENTIFIER = ilya.zelkin.QueDateApp;
				PRODUCT_NAME = QueDate;
				SWIFT_EMIT_LOC_STRINGS = YES;
				SWIFT_VERSION = 5.0;
				TARGETED_DEVICE_FAMILY = "1,2";
			};
			name = Debug;
		};
		ABF777A6288460E600BE9966 /* Release */ = {
			isa = XCBuildConfiguration;
			buildSettings = {
				ASSETCATALOG_COMPILER_APPICON_NAME = AppIcon;
				ASSETCATALOG_COMPILER_GLOBAL_ACCENT_COLOR_NAME = AccentColor;
				CODE_SIGN_STYLE = Automatic;
				CURRENT_PROJECT_VERSION = 1;
				DEVELOPMENT_ASSET_PATHS = "\"QueDataApp/Preview Content\"";
				DEVELOPMENT_TEAM = 2CZB669Q7L;
				ENABLE_PREVIEWS = YES;
				GENERATE_INFOPLIST_FILE = YES;
				INFOPLIST_KEY_UIApplicationSceneManifest_Generation = YES;
				INFOPLIST_KEY_UIApplicationSupportsIndirectInputEvents = YES;
				INFOPLIST_KEY_UILaunchScreen_Generation = YES;
				INFOPLIST_KEY_UISupportedInterfaceOrientations_iPad = "UIInterfaceOrientationPortrait UIInterfaceOrientationPortraitUpsideDown UIInterfaceOrientationLandscapeLeft UIInterfaceOrientationLandscapeRight";
				INFOPLIST_KEY_UISupportedInterfaceOrientations_iPhone = "UIInterfaceOrientationPortrait UIInterfaceOrientationLandscapeLeft UIInterfaceOrientationLandscapeRight";
				LD_RUNPATH_SEARCH_PATHS = (
					"$(inherited)",
					"@executable_path/Frameworks",
				);
				MARKETING_VERSION = 1.0;
				PRODUCT_BUNDLE_IDENTIFIER = ilya.zelkin.QueDateApp;
				PRODUCT_NAME = QueDate;
				SWIFT_EMIT_LOC_STRINGS = YES;
				SWIFT_VERSION = 5.0;
				TARGETED_DEVICE_FAMILY = "1,2";
			};
			name = Release;
		};
/* End XCBuildConfiguration section */

/* Begin XCConfigurationList section */
		ABF77791288460E400BE9966 /* Build configuration list for PBXProject "QueDateApp" */ = {
			isa = XCConfigurationList;
			buildConfigurations = (
				ABF777A2288460E600BE9966 /* Debug */,
				ABF777A3288460E600BE9966 /* Release */,
			);
			defaultConfigurationIsVisible = 0;
			defaultConfigurationName = Release;
		};
		ABF777A4288460E600BE9966 /* Build configuration list for PBXNativeTarget "QueDateApp" */ = {
			isa = XCConfigurationList;
			buildConfigurations = (
				ABF777A5288460E600BE9966 /* Debug */,
				ABF777A6288460E600BE9966 /* Release */,
			);
			defaultConfigurationIsVisible = 0;
			defaultConfigurationName = Release;
		};
/* End XCConfigurationList section */
	};
	rootObject = ABF7778E288460E400BE9966 /* Project object */;
}
