// !$*UTF8*$!
{
	archiveVersion = 1;
	classes = {
	};
	objectVersion = 55;
	objects = {

/* Begin PBXBuildFile section */
		AB4C7045287F08240051FF01 /* QueDateApp.swift in Sources */ = {isa = PBXBuildFile; fileRef = AB4C7044287F08240051FF01 /* QueDateApp.swift */; };
		AB4C7047287F08240051FF01 /* ContentView.swift in Sources */ = {isa = PBXBuildFile; fileRef = AB4C7046287F08240051FF01 /* ContentView.swift */; };
		AB4C7049287F08250051FF01 /* Assets.xcassets in Resources */ = {isa = PBXBuildFile; fileRef = AB4C7048287F08250051FF01 /* Assets.xcassets */; };
		AB4C704C287F08250051FF01 /* Preview Assets.xcassets in Resources */ = {isa = PBXBuildFile; fileRef = AB4C704B287F08250051FF01 /* Preview Assets.xcassets */; };
		AB4C7056287F08250051FF01 /* QueDateTests.swift in Sources */ = {isa = PBXBuildFile; fileRef = AB4C7055287F08250051FF01 /* QueDateTests.swift */; };
		AB4C7060287F08250051FF01 /* QueDateUITests.swift in Sources */ = {isa = PBXBuildFile; fileRef = AB4C705F287F08250051FF01 /* QueDateUITests.swift */; };
		AB4C7062287F08250051FF01 /* QueDateUITestsLaunchTests.swift in Sources */ = {isa = PBXBuildFile; fileRef = AB4C7061287F08250051FF01 /* QueDateUITestsLaunchTests.swift */; };
		AB75F15528804635004E1764 /* CreateAnAccountScreen.swift in Sources */ = {isa = PBXBuildFile; fileRef = AB75F15428804635004E1764 /* CreateAnAccountScreen.swift */; };
/* End PBXBuildFile section */

/* Begin PBXContainerItemProxy section */
		AB4C7052287F08250051FF01 /* PBXContainerItemProxy */ = {
			isa = PBXContainerItemProxy;
			containerPortal = AB4C7039287F08240051FF01 /* Project object */;
			proxyType = 1;
			remoteGlobalIDString = AB4C7040287F08240051FF01;
			remoteInfo = QueDate;
		};
		AB4C705C287F08250051FF01 /* PBXContainerItemProxy */ = {
			isa = PBXContainerItemProxy;
			containerPortal = AB4C7039287F08240051FF01 /* Project object */;
			proxyType = 1;
			remoteGlobalIDString = AB4C7040287F08240051FF01;
			remoteInfo = QueDate;
		};
/* End PBXContainerItemProxy section */

/* Begin PBXFileReference section */
		AB4C7041287F08240051FF01 /* QueDate.app */ = {isa = PBXFileReference; explicitFileType = wrapper.application; includeInIndex = 0; path = QueDate.app; sourceTree = BUILT_PRODUCTS_DIR; };
		AB4C7044287F08240051FF01 /* QueDateApp.swift */ = {isa = PBXFileReference; lastKnownFileType = sourcecode.swift; path = QueDateApp.swift; sourceTree = "<group>"; };
		AB4C7046287F08240051FF01 /* ContentView.swift */ = {isa = PBXFileReference; lastKnownFileType = sourcecode.swift; path = ContentView.swift; sourceTree = "<group>"; };
		AB4C7048287F08250051FF01 /* Assets.xcassets */ = {isa = PBXFileReference; lastKnownFileType = folder.assetcatalog; path = Assets.xcassets; sourceTree = "<group>"; };
		AB4C704B287F08250051FF01 /* Preview Assets.xcassets */ = {isa = PBXFileReference; lastKnownFileType = folder.assetcatalog; path = "Preview Assets.xcassets"; sourceTree = "<group>"; };
		AB4C7051287F08250051FF01 /* QueDateTests.xctest */ = {isa = PBXFileReference; explicitFileType = wrapper.cfbundle; includeInIndex = 0; path = QueDateTests.xctest; sourceTree = BUILT_PRODUCTS_DIR; };
		AB4C7055287F08250051FF01 /* QueDateTests.swift */ = {isa = PBXFileReference; lastKnownFileType = sourcecode.swift; path = QueDateTests.swift; sourceTree = "<group>"; };
		AB4C705B287F08250051FF01 /* QueDateUITests.xctest */ = {isa = PBXFileReference; explicitFileType = wrapper.cfbundle; includeInIndex = 0; path = QueDateUITests.xctest; sourceTree = BUILT_PRODUCTS_DIR; };
		AB4C705F287F08250051FF01 /* QueDateUITests.swift */ = {isa = PBXFileReference; lastKnownFileType = sourcecode.swift; path = QueDateUITests.swift; sourceTree = "<group>"; };
		AB4C7061287F08250051FF01 /* QueDateUITestsLaunchTests.swift */ = {isa = PBXFileReference; lastKnownFileType = sourcecode.swift; path = QueDateUITestsLaunchTests.swift; sourceTree = "<group>"; };
		AB75F15428804635004E1764 /* CreateAnAccountScreen.swift */ = {isa = PBXFileReference; lastKnownFileType = sourcecode.swift; path = CreateAnAccountScreen.swift; sourceTree = "<group>"; };
/* End PBXFileReference section */

/* Begin PBXFrameworksBuildPhase section */
		AB4C703E287F08240051FF01 /* Frameworks */ = {
			isa = PBXFrameworksBuildPhase;
			buildActionMask = 2147483647;
			files = (
			);
			runOnlyForDeploymentPostprocessing = 0;
		};
		AB4C704E287F08250051FF01 /* Frameworks */ = {
			isa = PBXFrameworksBuildPhase;
			buildActionMask = 2147483647;
			files = (
			);
			runOnlyForDeploymentPostprocessing = 0;
		};
		AB4C7058287F08250051FF01 /* Frameworks */ = {
			isa = PBXFrameworksBuildPhase;
			buildActionMask = 2147483647;
			files = (
			);
			runOnlyForDeploymentPostprocessing = 0;
		};
/* End PBXFrameworksBuildPhase section */

/* Begin PBXGroup section */
		AB4C7038287F08240051FF01 = {
			isa = PBXGroup;
			children = (
				AB4C7043287F08240051FF01 /* QueDate */,
				AB4C7054287F08250051FF01 /* QueDateTests */,
				AB4C705E287F08250051FF01 /* QueDateUITests */,
				AB4C7042287F08240051FF01 /* Products */,
			);
			sourceTree = "<group>";
		};
		AB4C7042287F08240051FF01 /* Products */ = {
			isa = PBXGroup;
			children = (
				AB4C7041287F08240051FF01 /* QueDate.app */,
				AB4C7051287F08250051FF01 /* QueDateTests.xctest */,
				AB4C705B287F08250051FF01 /* QueDateUITests.xctest */,
			);
			name = Products;
			sourceTree = "<group>";
		};
		AB4C7043287F08240051FF01 /* QueDate */ = {
			isa = PBXGroup;
			children = (
				AB4C7044287F08240051FF01 /* QueDateApp.swift */,
				AB75F151288045F9004E1764 /* Screens */,
				AB4C7048287F08250051FF01 /* Assets.xcassets */,
				AB4C704A287F08250051FF01 /* Preview Content */,
			);
			path = QueDate;
			sourceTree = "<group>";
		};
		AB4C704A287F08250051FF01 /* Preview Content */ = {
			isa = PBXGroup;
			children = (
				AB4C704B287F08250051FF01 /* Preview Assets.xcassets */,
			);
			path = "Preview Content";
			sourceTree = "<group>";
		};
		AB4C7054287F08250051FF01 /* QueDateTests */ = {
			isa = PBXGroup;
			children = (
				AB4C7055287F08250051FF01 /* QueDateTests.swift */,
			);
			path = QueDateTests;
			sourceTree = "<group>";
		};
		AB4C705E287F08250051FF01 /* QueDateUITests */ = {
			isa = PBXGroup;
			children = (
				AB4C705F287F08250051FF01 /* QueDateUITests.swift */,
				AB4C7061287F08250051FF01 /* QueDateUITestsLaunchTests.swift */,
			);
			path = QueDateUITests;
			sourceTree = "<group>";
		};
		AB75F151288045F9004E1764 /* Screens */ = {
			isa = PBXGroup;
			children = (
				AB4C7046287F08240051FF01 /* ContentView.swift */,
				AB75F15428804635004E1764 /* CreateAnAccountScreen.swift */,
			);
			path = Screens;
			sourceTree = "<group>";
		};
/* End PBXGroup section */

/* Begin PBXNativeTarget section */
		AB4C7040287F08240051FF01 /* QueDate */ = {
			isa = PBXNativeTarget;
			buildConfigurationList = AB4C7065287F08250051FF01 /* Build configuration list for PBXNativeTarget "QueDate" */;
			buildPhases = (
				AB4C703D287F08240051FF01 /* Sources */,
				AB4C703E287F08240051FF01 /* Frameworks */,
				AB4C703F287F08240051FF01 /* Resources */,
			);
			buildRules = (
			);
			dependencies = (
			);
			name = QueDate;
			productName = QueDate;
			productReference = AB4C7041287F08240051FF01 /* QueDate.app */;
			productType = "com.apple.product-type.application";
		};
		AB4C7050287F08250051FF01 /* QueDateTests */ = {
			isa = PBXNativeTarget;
			buildConfigurationList = AB4C7068287F08250051FF01 /* Build configuration list for PBXNativeTarget "QueDateTests" */;
			buildPhases = (
				AB4C704D287F08250051FF01 /* Sources */,
				AB4C704E287F08250051FF01 /* Frameworks */,
				AB4C704F287F08250051FF01 /* Resources */,
			);
			buildRules = (
			);
			dependencies = (
				AB4C7053287F08250051FF01 /* PBXTargetDependency */,
			);
			name = QueDateTests;
			productName = QueDateTests;
			productReference = AB4C7051287F08250051FF01 /* QueDateTests.xctest */;
			productType = "com.apple.product-type.bundle.unit-test";
		};
		AB4C705A287F08250051FF01 /* QueDateUITests */ = {
			isa = PBXNativeTarget;
			buildConfigurationList = AB4C706B287F08250051FF01 /* Build configuration list for PBXNativeTarget "QueDateUITests" */;
			buildPhases = (
				AB4C7057287F08250051FF01 /* Sources */,
				AB4C7058287F08250051FF01 /* Frameworks */,
				AB4C7059287F08250051FF01 /* Resources */,
			);
			buildRules = (
			);
			dependencies = (
				AB4C705D287F08250051FF01 /* PBXTargetDependency */,
			);
			name = QueDateUITests;
			productName = QueDateUITests;
			productReference = AB4C705B287F08250051FF01 /* QueDateUITests.xctest */;
			productType = "com.apple.product-type.bundle.ui-testing";
		};
/* End PBXNativeTarget section */

/* Begin PBXProject section */
		AB4C7039287F08240051FF01 /* Project object */ = {
			isa = PBXProject;
			attributes = {
				BuildIndependentTargetsInParallel = 1;
				LastSwiftUpdateCheck = 1340;
				LastUpgradeCheck = 1340;
				ORGANIZATIONNAME = "Ilya Zelkin";
				TargetAttributes = {
					AB4C7040287F08240051FF01 = {
						CreatedOnToolsVersion = 13.4;
					};
					AB4C7050287F08250051FF01 = {
						CreatedOnToolsVersion = 13.4;
						TestTargetID = AB4C7040287F08240051FF01;
					};
					AB4C705A287F08250051FF01 = {
						CreatedOnToolsVersion = 13.4;
						TestTargetID = AB4C7040287F08240051FF01;
					};
				};
			};
			buildConfigurationList = AB4C703C287F08240051FF01 /* Build configuration list for PBXProject "QueDate" */;
			compatibilityVersion = "Xcode 13.0";
			developmentRegion = en;
			hasScannedForEncodings = 0;
			knownRegions = (
				en,
				Base,
			);
			mainGroup = AB4C7038287F08240051FF01;
			productRefGroup = AB4C7042287F08240051FF01 /* Products */;
			projectDirPath = "";
			projectRoot = "";
			targets = (
				AB4C7040287F08240051FF01 /* QueDate */,
				AB4C7050287F08250051FF01 /* QueDateTests */,
				AB4C705A287F08250051FF01 /* QueDateUITests */,
			);
		};
/* End PBXProject section */

/* Begin PBXResourcesBuildPhase section */
		AB4C703F287F08240051FF01 /* Resources */ = {
			isa = PBXResourcesBuildPhase;
			buildActionMask = 2147483647;
			files = (
				AB4C704C287F08250051FF01 /* Preview Assets.xcassets in Resources */,
				AB4C7049287F08250051FF01 /* Assets.xcassets in Resources */,
			);
			runOnlyForDeploymentPostprocessing = 0;
		};
		AB4C704F287F08250051FF01 /* Resources */ = {
			isa = PBXResourcesBuildPhase;
			buildActionMask = 2147483647;
			files = (
			);
			runOnlyForDeploymentPostprocessing = 0;
		};
		AB4C7059287F08250051FF01 /* Resources */ = {
			isa = PBXResourcesBuildPhase;
			buildActionMask = 2147483647;
			files = (
			);
			runOnlyForDeploymentPostprocessing = 0;
		};
/* End PBXResourcesBuildPhase section */

/* Begin PBXSourcesBuildPhase section */
		AB4C703D287F08240051FF01 /* Sources */ = {
			isa = PBXSourcesBuildPhase;
			buildActionMask = 2147483647;
			files = (
				AB4C7047287F08240051FF01 /* ContentView.swift in Sources */,
				AB4C7045287F08240051FF01 /* QueDateApp.swift in Sources */,
				AB75F15528804635004E1764 /* CreateAnAccountScreen.swift in Sources */,
			);
			runOnlyForDeploymentPostprocessing = 0;
		};
		AB4C704D287F08250051FF01 /* Sources */ = {
			isa = PBXSourcesBuildPhase;
			buildActionMask = 2147483647;
			files = (
				AB4C7056287F08250051FF01 /* QueDateTests.swift in Sources */,
			);
			runOnlyForDeploymentPostprocessing = 0;
		};
		AB4C7057287F08250051FF01 /* Sources */ = {
			isa = PBXSourcesBuildPhase;
			buildActionMask = 2147483647;
			files = (
				AB4C7062287F08250051FF01 /* QueDateUITestsLaunchTests.swift in Sources */,
				AB4C7060287F08250051FF01 /* QueDateUITests.swift in Sources */,
			);
			runOnlyForDeploymentPostprocessing = 0;
		};
/* End PBXSourcesBuildPhase section */

/* Begin PBXTargetDependency section */
		AB4C7053287F08250051FF01 /* PBXTargetDependency */ = {
			isa = PBXTargetDependency;
			target = AB4C7040287F08240051FF01 /* QueDate */;
			targetProxy = AB4C7052287F08250051FF01 /* PBXContainerItemProxy */;
		};
		AB4C705D287F08250051FF01 /* PBXTargetDependency */ = {
			isa = PBXTargetDependency;
			target = AB4C7040287F08240051FF01 /* QueDate */;
			targetProxy = AB4C705C287F08250051FF01 /* PBXContainerItemProxy */;
		};
/* End PBXTargetDependency section */

/* Begin XCBuildConfiguration section */
		AB4C7063287F08250051FF01 /* Debug */ = {
			isa = XCBuildConfiguration;
			buildSettings = {
				ALWAYS_SEARCH_USER_PATHS = NO;
				CLANG_ANALYZER_NONNULL = YES;
				CLANG_ANALYZER_NUMBER_OBJECT_CONVERSION = YES_AGGRESSIVE;
				CLANG_CXX_LANGUAGE_STANDARD = "gnu++17";
				CLANG_ENABLE_MODULES = YES;
				CLANG_ENABLE_OBJC_ARC = YES;
				CLANG_ENABLE_OBJC_WEAK = YES;
				CLANG_WARN_BLOCK_CAPTURE_AUTORELEASING = YES;
				CLANG_WARN_BOOL_CONVERSION = YES;
				CLANG_WARN_COMMA = YES;
				CLANG_WARN_CONSTANT_CONVERSION = YES;
				CLANG_WARN_DEPRECATED_OBJC_IMPLEMENTATIONS = YES;
				CLANG_WARN_DIRECT_OBJC_ISA_USAGE = YES_ERROR;
				CLANG_WARN_DOCUMENTATION_COMMENTS = YES;
				CLANG_WARN_EMPTY_BODY = YES;
				CLANG_WARN_ENUM_CONVERSION = YES;
				CLANG_WARN_INFINITE_RECURSION = YES;
				CLANG_WARN_INT_CONVERSION = YES;
				CLANG_WARN_NON_LITERAL_NULL_CONVERSION = YES;
				CLANG_WARN_OBJC_IMPLICIT_RETAIN_SELF = YES;
				CLANG_WARN_OBJC_LITERAL_CONVERSION = YES;
				CLANG_WARN_OBJC_ROOT_CLASS = YES_ERROR;
				CLANG_WARN_QUOTED_INCLUDE_IN_FRAMEWORK_HEADER = YES;
				CLANG_WARN_RANGE_LOOP_ANALYSIS = YES;
				CLANG_WARN_STRICT_PROTOTYPES = YES;
				CLANG_WARN_SUSPICIOUS_MOVE = YES;
				CLANG_WARN_UNGUARDED_AVAILABILITY = YES_AGGRESSIVE;
				CLANG_WARN_UNREACHABLE_CODE = YES;
				CLANG_WARN__DUPLICATE_METHOD_MATCH = YES;
				COPY_PHASE_STRIP = NO;
				DEBUG_INFORMATION_FORMAT = dwarf;
				ENABLE_STRICT_OBJC_MSGSEND = YES;
				ENABLE_TESTABILITY = YES;
				GCC_C_LANGUAGE_STANDARD = gnu11;
				GCC_DYNAMIC_NO_PIC = NO;
				GCC_NO_COMMON_BLOCKS = YES;
				GCC_OPTIMIZATION_LEVEL = 0;
				GCC_PREPROCESSOR_DEFINITIONS = (
					"DEBUG=1",
					"$(inherited)",
				);
				GCC_WARN_64_TO_32_BIT_CONVERSION = YES;
				GCC_WARN_ABOUT_RETURN_TYPE = YES_ERROR;
				GCC_WARN_UNDECLARED_SELECTOR = YES;
				GCC_WARN_UNINITIALIZED_AUTOS = YES_AGGRESSIVE;
				GCC_WARN_UNUSED_FUNCTION = YES;
				GCC_WARN_UNUSED_VARIABLE = YES;
				IPHONEOS_DEPLOYMENT_TARGET = 15.5;
				MTL_ENABLE_DEBUG_INFO = INCLUDE_SOURCE;
				MTL_FAST_MATH = YES;
				ONLY_ACTIVE_ARCH = YES;
				SDKROOT = iphoneos;
				SWIFT_ACTIVE_COMPILATION_CONDITIONS = DEBUG;
				SWIFT_OPTIMIZATION_LEVEL = "-Onone";
			};
			name = Debug;
		};
		AB4C7064287F08250051FF01 /* Release */ = {
			isa = XCBuildConfiguration;
			buildSettings = {
				ALWAYS_SEARCH_USER_PATHS = NO;
				CLANG_ANALYZER_NONNULL = YES;
				CLANG_ANALYZER_NUMBER_OBJECT_CONVERSION = YES_AGGRESSIVE;
				CLANG_CXX_LANGUAGE_STANDARD = "gnu++17";
				CLANG_ENABLE_MODULES = YES;
				CLANG_ENABLE_OBJC_ARC = YES;
				CLANG_ENABLE_OBJC_WEAK = YES;
				CLANG_WARN_BLOCK_CAPTURE_AUTORELEASING = YES;
				CLANG_WARN_BOOL_CONVERSION = YES;
				CLANG_WARN_COMMA = YES;
				CLANG_WARN_CONSTANT_CONVERSION = YES;
				CLANG_WARN_DEPRECATED_OBJC_IMPLEMENTATIONS = YES;
				CLANG_WARN_DIRECT_OBJC_ISA_USAGE = YES_ERROR;
				CLANG_WARN_DOCUMENTATION_COMMENTS = YES;
				CLANG_WARN_EMPTY_BODY = YES;
				CLANG_WARN_ENUM_CONVERSION = YES;
				CLANG_WARN_INFINITE_RECURSION = YES;
				CLANG_WARN_INT_CONVERSION = YES;
				CLANG_WARN_NON_LITERAL_NULL_CONVERSION = YES;
				CLANG_WARN_OBJC_IMPLICIT_RETAIN_SELF = YES;
				CLANG_WARN_OBJC_LITERAL_CONVERSION = YES;
				CLANG_WARN_OBJC_ROOT_CLASS = YES_ERROR;
				CLANG_WARN_QUOTED_INCLUDE_IN_FRAMEWORK_HEADER = YES;
				CLANG_WARN_RANGE_LOOP_ANALYSIS = YES;
				CLANG_WARN_STRICT_PROTOTYPES = YES;
				CLANG_WARN_SUSPICIOUS_MOVE = YES;
				CLANG_WARN_UNGUARDED_AVAILABILITY = YES_AGGRESSIVE;
				CLANG_WARN_UNREACHABLE_CODE = YES;
				CLANG_WARN__DUPLICATE_METHOD_MATCH = YES;
				COPY_PHASE_STRIP = NO;
				DEBUG_INFORMATION_FORMAT = "dwarf-with-dsym";
				ENABLE_NS_ASSERTIONS = NO;
				ENABLE_STRICT_OBJC_MSGSEND = YES;
				GCC_C_LANGUAGE_STANDARD = gnu11;
				GCC_NO_COMMON_BLOCKS = YES;
				GCC_WARN_64_TO_32_BIT_CONVERSION = YES;
				GCC_WARN_ABOUT_RETURN_TYPE = YES_ERROR;
				GCC_WARN_UNDECLARED_SELECTOR = YES;
				GCC_WARN_UNINITIALIZED_AUTOS = YES_AGGRESSIVE;
				GCC_WARN_UNUSED_FUNCTION = YES;
				GCC_WARN_UNUSED_VARIABLE = YES;
				IPHONEOS_DEPLOYMENT_TARGET = 15.5;
				MTL_ENABLE_DEBUG_INFO = NO;
				MTL_FAST_MATH = YES;
				SDKROOT = iphoneos;
				SWIFT_COMPILATION_MODE = wholemodule;
				SWIFT_OPTIMIZATION_LEVEL = "-O";
				VALIDATE_PRODUCT = YES;
			};
			name = Release;
		};
		AB4C7066287F08250051FF01 /* Debug */ = {
			isa = XCBuildConfiguration;
			buildSettings = {
				ASSETCATALOG_COMPILER_APPICON_NAME = AppIcon;
				ASSETCATALOG_COMPILER_GLOBAL_ACCENT_COLOR_NAME = AccentColor;
				CODE_SIGN_STYLE = Automatic;
				CURRENT_PROJECT_VERSION = 1;
				DEVELOPMENT_ASSET_PATHS = "\"QueDate/Preview Content\"";
				ENABLE_PREVIEWS = YES;
				GENERATE_INFOPLIST_FILE = YES;
				INFOPLIST_KEY_UIApplicationSceneManifest_Generation = YES;
				INFOPLIST_KEY_UIApplicationSupportsIndirectInputEvents = YES;
				INFOPLIST_KEY_UILaunchScreen_Generation = YES;
				INFOPLIST_KEY_UISupportedInterfaceOrientations_iPad = "UIInterfaceOrientationPortrait UIInterfaceOrientationPortraitUpsideDown UIInterfaceOrientationLandscapeLeft UIInterfaceOrientationLandscapeRight";
				INFOPLIST_KEY_UISupportedInterfaceOrientations_iPhone = "UIInterfaceOrientationPortrait UIInterfaceOrientationLandscapeLeft UIInterfaceOrientationLandscapeRight";
				LD_RUNPATH_SEARCH_PATHS = (
					"$(inherited)",
					"@executable_path/Frameworks",
				);
				MARKETING_VERSION = 1.0;
				PRODUCT_BUNDLE_IDENTIFIER = "Ilya-Zelkin.QueDate";
				PRODUCT_NAME = "$(TARGET_NAME)";
				SWIFT_EMIT_LOC_STRINGS = YES;
				SWIFT_VERSION = 5.0;
				TARGETED_DEVICE_FAMILY = "1,2";
			};
			name = Debug;
		};
		AB4C7067287F08250051FF01 /* Release */ = {
			isa = XCBuildConfiguration;
			buildSettings = {
				ASSETCATALOG_COMPILER_APPICON_NAME = AppIcon;
				ASSETCATALOG_COMPILER_GLOBAL_ACCENT_COLOR_NAME = AccentColor;
				CODE_SIGN_STYLE = Automatic;
				CURRENT_PROJECT_VERSION = 1;
				DEVELOPMENT_ASSET_PATHS = "\"QueDate/Preview Content\"";
				ENABLE_PREVIEWS = YES;
				GENERATE_INFOPLIST_FILE = YES;
				INFOPLIST_KEY_UIApplicationSceneManifest_Generation = YES;
				INFOPLIST_KEY_UIApplicationSupportsIndirectInputEvents = YES;
				INFOPLIST_KEY_UILaunchScreen_Generation = YES;
				INFOPLIST_KEY_UISupportedInterfaceOrientations_iPad = "UIInterfaceOrientationPortrait UIInterfaceOrientationPortraitUpsideDown UIInterfaceOrientationLandscapeLeft UIInterfaceOrientationLandscapeRight";
				INFOPLIST_KEY_UISupportedInterfaceOrientations_iPhone = "UIInterfaceOrientationPortrait UIInterfaceOrientationLandscapeLeft UIInterfaceOrientationLandscapeRight";
				LD_RUNPATH_SEARCH_PATHS = (
					"$(inherited)",
					"@executable_path/Frameworks",
				);
				MARKETING_VERSION = 1.0;
				PRODUCT_BUNDLE_IDENTIFIER = "Ilya-Zelkin.QueDate";
				PRODUCT_NAME = "$(TARGET_NAME)";
				SWIFT_EMIT_LOC_STRINGS = YES;
				SWIFT_VERSION = 5.0;
				TARGETED_DEVICE_FAMILY = "1,2";
			};
			name = Release;
		};
		AB4C7069287F08250051FF01 /* Debug */ = {
			isa = XCBuildConfiguration;
			buildSettings = {
				ALWAYS_EMBED_SWIFT_STANDARD_LIBRARIES = YES;
				BUNDLE_LOADER = "$(TEST_HOST)";
				CODE_SIGN_STYLE = Automatic;
				CURRENT_PROJECT_VERSION = 1;
				GENERATE_INFOPLIST_FILE = YES;
				IPHONEOS_DEPLOYMENT_TARGET = 15.5;
				MARKETING_VERSION = 1.0;
				PRODUCT_BUNDLE_IDENTIFIER = "Ilya-Zelkin.QueDateTests";
				PRODUCT_NAME = "$(TARGET_NAME)";
				SWIFT_EMIT_LOC_STRINGS = NO;
				SWIFT_VERSION = 5.0;
				TARGETED_DEVICE_FAMILY = "1,2";
				TEST_HOST = "$(BUILT_PRODUCTS_DIR)/QueDate.app/QueDate";
			};
			name = Debug;
		};
		AB4C706A287F08250051FF01 /* Release */ = {
			isa = XCBuildConfiguration;
			buildSettings = {
				ALWAYS_EMBED_SWIFT_STANDARD_LIBRARIES = YES;
				BUNDLE_LOADER = "$(TEST_HOST)";
				CODE_SIGN_STYLE = Automatic;
				CURRENT_PROJECT_VERSION = 1;
				GENERATE_INFOPLIST_FILE = YES;
				IPHONEOS_DEPLOYMENT_TARGET = 15.5;
				MARKETING_VERSION = 1.0;
				PRODUCT_BUNDLE_IDENTIFIER = "Ilya-Zelkin.QueDateTests";
				PRODUCT_NAME = "$(TARGET_NAME)";
				SWIFT_EMIT_LOC_STRINGS = NO;
				SWIFT_VERSION = 5.0;
				TARGETED_DEVICE_FAMILY = "1,2";
				TEST_HOST = "$(BUILT_PRODUCTS_DIR)/QueDate.app/QueDate";
			};
			name = Release;
		};
		AB4C706C287F08250051FF01 /* Debug */ = {
			isa = XCBuildConfiguration;
			buildSettings = {
				ALWAYS_EMBED_SWIFT_STANDARD_LIBRARIES = YES;
				CODE_SIGN_STYLE = Automatic;
				CURRENT_PROJECT_VERSION = 1;
				GENERATE_INFOPLIST_FILE = YES;
				MARKETING_VERSION = 1.0;
				PRODUCT_BUNDLE_IDENTIFIER = "Ilya-Zelkin.QueDateUITests";
				PRODUCT_NAME = "$(TARGET_NAME)";
				SWIFT_EMIT_LOC_STRINGS = NO;
				SWIFT_VERSION = 5.0;
				TARGETED_DEVICE_FAMILY = "1,2";
				TEST_TARGET_NAME = QueDate;
			};
			name = Debug;
		};
		AB4C706D287F08250051FF01 /* Release */ = {
			isa = XCBuildConfiguration;
			buildSettings = {
				ALWAYS_EMBED_SWIFT_STANDARD_LIBRARIES = YES;
				CODE_SIGN_STYLE = Automatic;
				CURRENT_PROJECT_VERSION = 1;
				GENERATE_INFOPLIST_FILE = YES;
				MARKETING_VERSION = 1.0;
				PRODUCT_BUNDLE_IDENTIFIER = "Ilya-Zelkin.QueDateUITests";
				PRODUCT_NAME = "$(TARGET_NAME)";
				SWIFT_EMIT_LOC_STRINGS = NO;
				SWIFT_VERSION = 5.0;
				TARGETED_DEVICE_FAMILY = "1,2";
				TEST_TARGET_NAME = QueDate;
			};
			name = Release;
		};
/* End XCBuildConfiguration section */

/* Begin XCConfigurationList section */
		AB4C703C287F08240051FF01 /* Build configuration list for PBXProject "QueDate" */ = {
			isa = XCConfigurationList;
			buildConfigurations = (
				AB4C7063287F08250051FF01 /* Debug */,
				AB4C7064287F08250051FF01 /* Release */,
			);
			defaultConfigurationIsVisible = 0;
			defaultConfigurationName = Release;
		};
		AB4C7065287F08250051FF01 /* Build configuration list for PBXNativeTarget "QueDate" */ = {
			isa = XCConfigurationList;
			buildConfigurations = (
				AB4C7066287F08250051FF01 /* Debug */,
				AB4C7067287F08250051FF01 /* Release */,
			);
			defaultConfigurationIsVisible = 0;
			defaultConfigurationName = Release;
		};
		AB4C7068287F08250051FF01 /* Build configuration list for PBXNativeTarget "QueDateTests" */ = {
			isa = XCConfigurationList;
			buildConfigurations = (
				AB4C7069287F08250051FF01 /* Debug */,
				AB4C706A287F08250051FF01 /* Release */,
			);
			defaultConfigurationIsVisible = 0;
			defaultConfigurationName = Release;
		};
		AB4C706B287F08250051FF01 /* Build configuration list for PBXNativeTarget "QueDateUITests" */ = {
			isa = XCConfigurationList;
			buildConfigurations = (
				AB4C706C287F08250051FF01 /* Debug */,
				AB4C706D287F08250051FF01 /* Release */,
			);
			defaultConfigurationIsVisible = 0;
			defaultConfigurationName = Release;
		};
/* End XCConfigurationList section */
	};
	rootObject = AB4C7039287F08240051FF01 /* Project object */;
}
